{
  "nodes": {
    "fenix": {
      "inputs": {
        "nixpkgs": [
          "nixpkgs"
        ],
        "rust-analyzer-src": "rust-analyzer-src"
      },
      "locked": {
        "lastModified": 1729751566,
        "narHash": "sha256-99u/hrgBdi8bxSXZc9ZbNkR5EL1htrkbd3lsbKzS60g=",
        "owner": "nix-community",
        "repo": "fenix",
        "rev": "f32a2d484091a6dc98220b1f4a2c2d60b7c97c64",
        "type": "github"
      },
      "original": {
        "owner": "nix-community",
        "repo": "fenix",
        "type": "github"
      }
    },
    "flake-parts": {
      "inputs": {
        "nixpkgs-lib": "nixpkgs-lib"
      },
      "locked": {
        "lastModified": 1727826117,
        "narHash": "sha256-K5ZLCyfO/Zj9mPFldf3iwS6oZStJcU4tSpiXTMYaaL0=",
        "owner": "hercules-ci",
        "repo": "flake-parts",
        "rev": "3d04084d54bedc3d6b8b736c70ef449225c361b1",
        "type": "github"
      },
      "original": {
        "owner": "hercules-ci",
        "repo": "flake-parts",
        "type": "github"
      }
    },
    "nixpkgs": {
      "locked": {
        "lastModified": 1729794533,
        "narHash": "sha256-wXgSM2Yduogm+Z375yXiNfrFTHUyI/pfmRa29Wiwv40=",
        "owner": "NixOS",
        "repo": "nixpkgs",
        "rev": "13b932f79953aeb02fee27985af6fb9d1ac7f418",
        "type": "github"
      },
      "original": {
        "owner": "NixOS",
        "repo": "nixpkgs",
        "type": "github"
      }
    },
    "nixpkgs-lib": {
      "locked": {
        "lastModified": 1727825735,
        "narHash": "sha256-0xHYkMkeLVQAMa7gvkddbPqpxph+hDzdu1XdGPJR+Os=",
        "type": "tarball",
        "url": "https://github.com/NixOS/nixpkgs/archive/fb192fec7cc7a4c26d51779e9bab07ce6fa5597a.tar.gz"
      },
      "original": {
        "type": "tarball",
        "url": "https://github.com/NixOS/nixpkgs/archive/fb192fec7cc7a4c26d51779e9bab07ce6fa5597a.tar.gz"
      }
    },
    "root": {
      "inputs": {
        "fenix": "fenix",
        "flake-parts": "flake-parts",
        "nixpkgs": "nixpkgs",
        "rust-overlay": "rust-overlay"
      }
    },
    "rust-analyzer-src": {
      "flake": false,
      "locked": {
        "lastModified": 1729715509,
        "narHash": "sha256-jUDN4e1kObbksb4sc+57NEeujBEDRdLCOu9wiE3RZdM=",
        "owner": "rust-lang",
        "repo": "rust-analyzer",
        "rev": "40492e15d49b89cf409e2c5536444131fac49429",
        "type": "github"
      },
      "original": {
        "owner": "rust-lang",
        "ref": "nightly",
        "repo": "rust-analyzer",
        "type": "github"
      }
    },
    "rust-overlay": {
      "inputs": {
        "nixpkgs": [
          "nixpkgs"
        ]
      },
      "locked": {
        "lastModified": 1729736953,
        "narHash": "sha256-Rb6JUop7NRklg0uzcre+A+Ebrn/ZiQPkm4QdKg6/3pw=",
        "owner": "oxalica",
        "repo": "rust-overlay",
        "rev": "29b1275740d9283467b8117499ec8cbb35250584",
        "type": "github"
      },
      "original": {
        "owner": "oxalica",
        "repo": "rust-overlay",
        "type": "github"
      }
    }
  },
  "root": "root",
  "version": 7
}
